
Microsoft Visual Studio Solution File, Format Version 12.00
# Visual Studio 15
VisualStudioVersion = 15.0.28307.1259
MinimumVisualStudioVersion = 10.0.40219.1
Project("{FAE04EC0-301F-11D3-BF4B-00C04F79EFBC}") = "Prova_Dev_Paradigma", "Prova_Dev_Paradigma\Prova_Dev_Paradigma.csproj", "{C052BE29-3233-4A31-BA2C-BC1270E00787}"
EndProject
Global
	GlobalSection(SolutionConfigurationPlatforms) = preSolution
		Debug|Any CPU = Debug|Any CPU
		Release|Any CPU = Release|Any CPU
	EndGlobalSection
	GlobalSection(ProjectConfigurationPlatforms) = postSolution
		{C052BE29-3233-4A31-BA2C-BC1270E00787}.Debug|Any CPU.ActiveCfg = Debug|Any CPU
		{C052BE29-3233-4A31-BA2C-BC1270E00787}.Debug|Any CPU.Build.0 = Debug|Any CPU
		{C052BE29-3233-4A31-BA2C-BC1270E00787}.Release|Any CPU.ActiveCfg = Release|Any CPU
		{C052BE29-3233-4A31-BA2C-BC1270E00787}.Release|Any CPU.Build.0 = Release|Any CPU
	EndGlobalSection
	GlobalSection(SolutionProperties) = preSolution
		HideSolutionNode = FALSE
	EndGlobalSection
	GlobalSection(ExtensibilityGlobals) = postSolution
		SolutionGuid = {89250BF5-1B91-4090-922F-2196987801E4}
	EndGlobalSection
EndGlobal
